
Microsoft Visual Studio Solution File, Format Version 12.00
# Visual Studio Version 17
VisualStudioVersion = 17.14.36518.9
MinimumVisualStudioVersion = 10.0.40219.1
Project("{8BC9CEB8-8B4A-11D0-8D11-00A0C91BC942}") = "wky_homework", "wky_homework\wky_homework.vcxproj", "{9F086603-2EEA-43D3-82E1-B160B4A02B4F}"
EndProject
Global
	GlobalSection(SolutionConfigurationPlatforms) = preSolution
		Debug|x64 = Debug|x64
		Debug|x86 = Debug|x86
		Release|x64 = Release|x64
		Release|x86 = Release|x86
	EndGlobalSection
	GlobalSection(ProjectConfigurationPlatforms) = postSolution
		{9F086603-2EEA-43D3-82E1-B160B4A02B4F}.Debug|x64.ActiveCfg = Debug|x64
		{9F086603-2EEA-43D3-82E1-B160B4A02B4F}.Debug|x64.Build.0 = Debug|x64
		{9F086603-2EEA-43D3-82E1-B160B4A02B4F}.Debug|x86.ActiveCfg = Debug|Win32
		{9F086603-2EEA-43D3-82E1-B160B4A02B4F}.Debug|x86.Build.0 = Debug|Win32
		{9F086603-2EEA-43D3-82E1-B160B4A02B4F}.Release|x64.ActiveCfg = Release|x64
		{9F086603-2EEA-43D3-82E1-B160B4A02B4F}.Release|x64.Build.0 = Release|x64
		{9F086603-2EEA-43D3-82E1-B160B4A02B4F}.Release|x86.ActiveCfg = Release|Win32
		{9F086603-2EEA-43D3-82E1-B160B4A02B4F}.Release|x86.Build.0 = Release|Win32
	EndGlobalSection
	GlobalSection(SolutionProperties) = preSolution
		HideSolutionNode = FALSE
	EndGlobalSection
	GlobalSection(ExtensibilityGlobals) = postSolution
		SolutionGuid = {406C5FE5-2DB7-444B-B655-68BC11203E79}
	EndGlobalSection
EndGlobal
